
Microsoft Visual Studio Solution File, Format Version 12.00
# Visual Studio 15
VisualStudioVersion = 15.0.26124.0
MinimumVisualStudioVersion = 15.0.26124.0
Project("{2150E333-8FDC-42A3-9474-1A3956D46DE8}") = "src", "src", "{D764EC1F-817C-4E17-A817-4E7933958911}"
EndProject
Project("{F2A71F9B-5D33-465A-A702-920D77279786}") = "StrLib", "src\StrLib\StrLib.fsproj", "{2F636479-F247-4453-B548-8F9246F0568A}"
EndProject
Project("{F2A71F9B-5D33-465A-A702-920D77279786}") = "App", "src\App\App.fsproj", "{7F976D1A-B676-435B-8157-55845236E1B3}"
EndProject
Global
	GlobalSection(SolutionConfigurationPlatforms) = preSolution
		Debug|Any CPU = Debug|Any CPU
		Debug|x64 = Debug|x64
		Debug|x86 = Debug|x86
		Release|Any CPU = Release|Any CPU
		Release|x64 = Release|x64
		Release|x86 = Release|x86
	EndGlobalSection
	GlobalSection(SolutionProperties) = preSolution
		HideSolutionNode = FALSE
	EndGlobalSection
	GlobalSection(ProjectConfigurationPlatforms) = postSolution
		{2F636479-F247-4453-B548-8F9246F0568A}.Debug|Any CPU.ActiveCfg = Debug|Any CPU
		{2F636479-F247-4453-B548-8F9246F0568A}.Debug|Any CPU.Build.0 = Debug|Any CPU
		{2F636479-F247-4453-B548-8F9246F0568A}.Debug|x64.ActiveCfg = Debug|Any CPU
		{2F636479-F247-4453-B548-8F9246F0568A}.Debug|x64.Build.0 = Debug|Any CPU
		{2F636479-F247-4453-B548-8F9246F0568A}.Debug|x86.ActiveCfg = Debug|Any CPU
		{2F636479-F247-4453-B548-8F9246F0568A}.Debug|x86.Build.0 = Debug|Any CPU
		{2F636479-F247-4453-B548-8F9246F0568A}.Release|Any CPU.ActiveCfg = Release|Any CPU
		{2F636479-F247-4453-B548-8F9246F0568A}.Release|Any CPU.Build.0 = Release|Any CPU
		{2F636479-F247-4453-B548-8F9246F0568A}.Release|x64.ActiveCfg = Release|Any CPU
		{2F636479-F247-4453-B548-8F9246F0568A}.Release|x64.Build.0 = Release|Any CPU
		{2F636479-F247-4453-B548-8F9246F0568A}.Release|x86.ActiveCfg = Release|Any CPU
		{2F636479-F247-4453-B548-8F9246F0568A}.Release|x86.Build.0 = Release|Any CPU
		{7F976D1A-B676-435B-8157-55845236E1B3}.Debug|Any CPU.ActiveCfg = Debug|Any CPU
		{7F976D1A-B676-435B-8157-55845236E1B3}.Debug|Any CPU.Build.0 = Debug|Any CPU
		{7F976D1A-B676-435B-8157-55845236E1B3}.Debug|x64.ActiveCfg = Debug|Any CPU
		{7F976D1A-B676-435B-8157-55845236E1B3}.Debug|x64.Build.0 = Debug|Any CPU
		{7F976D1A-B676-435B-8157-55845236E1B3}.Debug|x86.ActiveCfg = Debug|Any CPU
		{7F976D1A-B676-435B-8157-55845236E1B3}.Debug|x86.Build.0 = Debug|Any CPU
		{7F976D1A-B676-435B-8157-55845236E1B3}.Release|Any CPU.ActiveCfg = Release|Any CPU
		{7F976D1A-B676-435B-8157-55845236E1B3}.Release|Any CPU.Build.0 = Release|Any CPU
		{7F976D1A-B676-435B-8157-55845236E1B3}.Release|x64.ActiveCfg = Release|Any CPU
		{7F976D1A-B676-435B-8157-55845236E1B3}.Release|x64.Build.0 = Release|Any CPU
		{7F976D1A-B676-435B-8157-55845236E1B3}.Release|x86.ActiveCfg = Release|Any CPU
		{7F976D1A-B676-435B-8157-55845236E1B3}.Release|x86.Build.0 = Release|Any CPU
	EndGlobalSection
	GlobalSection(NestedProjects) = preSolution
		{2F636479-F247-4453-B548-8F9246F0568A} = {D764EC1F-817C-4E17-A817-4E7933958911}
		{7F976D1A-B676-435B-8157-55845236E1B3} = {D764EC1F-817C-4E17-A817-4E7933958911}
	EndGlobalSection
EndGlobal
